
Microsoft Visual Studio Solution File, Format Version 12.00
# Visual Studio 15
VisualStudioVersion = 15.0.28307.757
MinimumVisualStudioVersion = 10.0.40219.1
Project("{FAE04EC0-301F-11D3-BF4B-00C04F79EFBC}") = "CSharpPCSC", "CSharpPCSCLib\CSharpPCSC.csproj", "{DDD0BE22-F1CA-4679-8491-253AAC54FC22}"
EndProject
Project("{FAE04EC0-301F-11D3-BF4B-00C04F79EFBC}") = "PCSCSample", "PCSCSample\PCSCSample.csproj", "{2A7D9E7D-B020-4665-A67F-D958A09DEADA}"
	ProjectSection(ProjectDependencies) = postProject
		{DDD0BE22-F1CA-4679-8491-253AAC54FC22} = {DDD0BE22-F1CA-4679-8491-253AAC54FC22}
	EndProjectSection
EndProject
Project("{FAE04EC0-301F-11D3-BF4B-00C04F79EFBC}") = "SamAV2", "SamAV2\SamAV2.csproj", "{D1802AA1-837D-489F-8695-3E5D226AED40}"
EndProject
Global
	GlobalSection(SolutionConfigurationPlatforms) = preSolution
		Debug|Any CPU = Debug|Any CPU
		Debug|x64 = Debug|x64
		Debug|x86 = Debug|x86
		Release|Any CPU = Release|Any CPU
		Release|x64 = Release|x64
		Release|x86 = Release|x86
	EndGlobalSection
	GlobalSection(ProjectConfigurationPlatforms) = postSolution
		{DDD0BE22-F1CA-4679-8491-253AAC54FC22}.Debug|Any CPU.ActiveCfg = Debug|Any CPU
		{DDD0BE22-F1CA-4679-8491-253AAC54FC22}.Debug|Any CPU.Build.0 = Debug|Any CPU
		{DDD0BE22-F1CA-4679-8491-253AAC54FC22}.Debug|x64.ActiveCfg = Debug|x86
		{DDD0BE22-F1CA-4679-8491-253AAC54FC22}.Debug|x64.Build.0 = Debug|x86
		{DDD0BE22-F1CA-4679-8491-253AAC54FC22}.Debug|x86.ActiveCfg = Debug|x86
		{DDD0BE22-F1CA-4679-8491-253AAC54FC22}.Debug|x86.Build.0 = Debug|x86
		{DDD0BE22-F1CA-4679-8491-253AAC54FC22}.Release|Any CPU.ActiveCfg = Release|Any CPU
		{DDD0BE22-F1CA-4679-8491-253AAC54FC22}.Release|Any CPU.Build.0 = Release|Any CPU
		{DDD0BE22-F1CA-4679-8491-253AAC54FC22}.Release|x64.ActiveCfg = Release|x64
		{DDD0BE22-F1CA-4679-8491-253AAC54FC22}.Release|x64.Build.0 = Release|x64
		{DDD0BE22-F1CA-4679-8491-253AAC54FC22}.Release|x86.ActiveCfg = Release|x86
		{DDD0BE22-F1CA-4679-8491-253AAC54FC22}.Release|x86.Build.0 = Release|x86
		{2A7D9E7D-B020-4665-A67F-D958A09DEADA}.Debug|Any CPU.ActiveCfg = Debug|Any CPU
		{2A7D9E7D-B020-4665-A67F-D958A09DEADA}.Debug|Any CPU.Build.0 = Debug|Any CPU
		{2A7D9E7D-B020-4665-A67F-D958A09DEADA}.Debug|x64.ActiveCfg = Debug|Any CPU
		{2A7D9E7D-B020-4665-A67F-D958A09DEADA}.Debug|x86.ActiveCfg = Debug|x86
		{2A7D9E7D-B020-4665-A67F-D958A09DEADA}.Debug|x86.Build.0 = Debug|x86
		{2A7D9E7D-B020-4665-A67F-D958A09DEADA}.Release|Any CPU.ActiveCfg = Release|Any CPU
		{2A7D9E7D-B020-4665-A67F-D958A09DEADA}.Release|Any CPU.Build.0 = Release|Any CPU
		{2A7D9E7D-B020-4665-A67F-D958A09DEADA}.Release|x64.ActiveCfg = Release|Any CPU
		{2A7D9E7D-B020-4665-A67F-D958A09DEADA}.Release|x86.ActiveCfg = Release|Any CPU
		{D1802AA1-837D-489F-8695-3E5D226AED40}.Debug|Any CPU.ActiveCfg = Debug|Any CPU
		{D1802AA1-837D-489F-8695-3E5D226AED40}.Debug|Any CPU.Build.0 = Debug|Any CPU
		{D1802AA1-837D-489F-8695-3E5D226AED40}.Debug|x64.ActiveCfg = Debug|Any CPU
		{D1802AA1-837D-489F-8695-3E5D226AED40}.Debug|x86.ActiveCfg = Debug|Any CPU
		{D1802AA1-837D-489F-8695-3E5D226AED40}.Release|Any CPU.ActiveCfg = Release|Any CPU
		{D1802AA1-837D-489F-8695-3E5D226AED40}.Release|Any CPU.Build.0 = Release|Any CPU
		{D1802AA1-837D-489F-8695-3E5D226AED40}.Release|x64.ActiveCfg = Release|Any CPU
		{D1802AA1-837D-489F-8695-3E5D226AED40}.Release|x86.ActiveCfg = Release|Any CPU
	EndGlobalSection
	GlobalSection(SolutionProperties) = preSolution
		HideSolutionNode = FALSE
	EndGlobalSection
	GlobalSection(ExtensibilityGlobals) = postSolution
		SolutionGuid = {0BFDAF6B-3AA3-4C02-B027-1AE471EA65F8}
	EndGlobalSection
EndGlobal
